
Microsoft Visual Studio Solution File, Format Version 12.00
# Visual Studio Version 16
VisualStudioVersion = 16.0.31410.357
MinimumVisualStudioVersion = 10.0.40219.1
Project("{FAE04EC0-301F-11D3-BF4B-00C04F79EFBC}") = "exerc4", "exerc4\exerc4.csproj", "{BE6EA274-C602-475A-AE68-4AAE6C7B894E}"
EndProject
Global
	GlobalSection(SolutionConfigurationPlatforms) = preSolution
		Debug|Any CPU = Debug|Any CPU
		Release|Any CPU = Release|Any CPU
	EndGlobalSection
	GlobalSection(ProjectConfigurationPlatforms) = postSolution
		{BE6EA274-C602-475A-AE68-4AAE6C7B894E}.Debug|Any CPU.ActiveCfg = Debug|Any CPU
		{BE6EA274-C602-475A-AE68-4AAE6C7B894E}.Debug|Any CPU.Build.0 = Debug|Any CPU
		{BE6EA274-C602-475A-AE68-4AAE6C7B894E}.Release|Any CPU.ActiveCfg = Release|Any CPU
		{BE6EA274-C602-475A-AE68-4AAE6C7B894E}.Release|Any CPU.Build.0 = Release|Any CPU
	EndGlobalSection
	GlobalSection(SolutionProperties) = preSolution
		HideSolutionNode = FALSE
	EndGlobalSection
	GlobalSection(ExtensibilityGlobals) = postSolution
		SolutionGuid = {CB60990F-98DE-4BF7-9E87-3B5769499127}
	EndGlobalSection
EndGlobal
