
Microsoft Visual Studio Solution File, Format Version 12.00
# Visual Studio Version 16
VisualStudioVersion = 16.0.31410.357
MinimumVisualStudioVersion = 10.0.40219.1
Project("{FAE04EC0-301F-11D3-BF4B-00C04F79EFBC}") = "exerc2", "exerc2\exerc2.csproj", "{5791B220-4837-4E7A-88BE-1A17F2757C79}"
EndProject
Global
	GlobalSection(SolutionConfigurationPlatforms) = preSolution
		Debug|Any CPU = Debug|Any CPU
		Release|Any CPU = Release|Any CPU
	EndGlobalSection
	GlobalSection(ProjectConfigurationPlatforms) = postSolution
		{5791B220-4837-4E7A-88BE-1A17F2757C79}.Debug|Any CPU.ActiveCfg = Debug|Any CPU
		{5791B220-4837-4E7A-88BE-1A17F2757C79}.Debug|Any CPU.Build.0 = Debug|Any CPU
		{5791B220-4837-4E7A-88BE-1A17F2757C79}.Release|Any CPU.ActiveCfg = Release|Any CPU
		{5791B220-4837-4E7A-88BE-1A17F2757C79}.Release|Any CPU.Build.0 = Release|Any CPU
	EndGlobalSection
	GlobalSection(SolutionProperties) = preSolution
		HideSolutionNode = FALSE
	EndGlobalSection
	GlobalSection(ExtensibilityGlobals) = postSolution
		SolutionGuid = {21420601-A3D1-4FC9-842C-96D77E5CD41C}
	EndGlobalSection
EndGlobal
