
Microsoft Visual Studio Solution File, Format Version 12.00
# Visual Studio Version 16
VisualStudioVersion = 16.0.31410.357
MinimumVisualStudioVersion = 10.0.40219.1
Project("{FAE04EC0-301F-11D3-BF4B-00C04F79EFBC}") = "exerc4", "exerc4\exerc4.csproj", "{149F795B-85F9-4AEE-B648-C10FE67E8905}"
EndProject
Global
	GlobalSection(SolutionConfigurationPlatforms) = preSolution
		Debug|Any CPU = Debug|Any CPU
		Release|Any CPU = Release|Any CPU
	EndGlobalSection
	GlobalSection(ProjectConfigurationPlatforms) = postSolution
		{149F795B-85F9-4AEE-B648-C10FE67E8905}.Debug|Any CPU.ActiveCfg = Debug|Any CPU
		{149F795B-85F9-4AEE-B648-C10FE67E8905}.Debug|Any CPU.Build.0 = Debug|Any CPU
		{149F795B-85F9-4AEE-B648-C10FE67E8905}.Release|Any CPU.ActiveCfg = Release|Any CPU
		{149F795B-85F9-4AEE-B648-C10FE67E8905}.Release|Any CPU.Build.0 = Release|Any CPU
	EndGlobalSection
	GlobalSection(SolutionProperties) = preSolution
		HideSolutionNode = FALSE
	EndGlobalSection
	GlobalSection(ExtensibilityGlobals) = postSolution
		SolutionGuid = {862CA6A3-850A-4948-9B10-544F56412E9A}
	EndGlobalSection
EndGlobal
